{
    "_readme": [
        "This file locks the dependencies of your project to a known state",
        "Read more about it at http://getcomposer.org/doc/01-basic-usage.md#composer-lock-the-lock-file"
    ],
    "hash": "eb711fec91e5beedf4df4cd68e36117c",
    "packages": [
        {
            "name": "letsdrink/ouzo",
            "version": "dev-master",
            "source": {
                "type": "git",
                "url": "https://github.com/letsdrink/ouzo",
                "reference": "261d6ba49e5ecd1a43c7cc19a224f7dcc520c89a"
            },
            "archive": {
                "exclude": [
                    "/test",
                    "/build",
                    "/config",
                    "/vendor",
                    "/*.xml",
                    "/*.sh",
                    "/bootstrap_test.php"
                ]
            },
            "require-dev": {
                "phpunit/phpunit": "3.7.19"
            },
            "type": "library",
            "autoload": {
                "psr-0": {
                    "Ouzo": "lib/"
                }
            },
            "license": [
                "MIT"
            ],
            "authors": [
                {
                    "name": "Thulium",
                    "email": "letsdrink@thulium.pl"
                }
            ],
            "description": "Ouzo PHP MVC framework",
            "keywords": [
                "framework",
                "mvc",
                "orm",
                "php",
                "tdd"
            ],
            "time": "2013-09-16 14:36:32"
        },
        {
            "name": "ruckusing/ruckusing-migrations",
            "version": "dev-master",
            "source": {
                "type": "git",
                "url": "https://github.com/ruckus/ruckusing-migrations.git",
                "reference": "d8b1e73"
            },
            "dist": {
                "type": "zip",
                "url": "https://api.github.com/repos/ruckus/ruckusing-migrations/zipball/6c7a26ccd96a4ac980f3fc47c6645458ed918406",
                "reference": "d8b1e73",
                "shasum": ""
            },
            "require": {
                "php": ">=5.2.0"
            },
            "require-dev": {
                "phpunit/phpunit": "3.7.*"
            },
            "bin": [
                "ruckus.php"
            ],
            "type": "library",
            "autoload": {
                "psr-0": {
                    "Ruckusing": "lib/",
                    "Task": "lib/"
                }
            },
            "notification-url": "https://packagist.org/downloads/",
            "license": [
                "MIT"
            ],
            "authors": [
                {
                    "name": "Cody Caughlan",
                    "email": "codycaughlan@gmail.com",
                    "homepage": "https://github.com/ruckus/ruckusing-migrations/wiki",
                    "role": "Project lead / Developer"
                }
            ],
            "description": "Framework for generating and managing database migrations",
            "homepage": "https://github.com/ruckus/ruckusing-migrations",
            "keywords": [
                "database",
                "migrations",
                "mysql",
                "postgres",
                "rake",
                "ruckusing",
                "task"
            ],
            "time": "2013-06-21 18:23:53"
        }
    ],
    "packages-dev": [

    ],
    "aliases": [

    ],
    "minimum-stability": "dev",
    "stability-flags": {
        "letsdrink/ouzo": 20,
        "ruckusing/ruckusing-migrations": 20
    },
    "platform": [

    ],
    "platform-dev": [

    ]
}
